
Microsoft Visual Studio Solution File, Format Version 12.00
# Visual Studio Version 17
VisualStudioVersion = 17.14.36705.20
MinimumVisualStudioVersion = 10.0.40219.1
Project("{FAE04EC0-301F-11D3-BF4B-00C04F79EFBC}") = "WPF", "WPF\WPF.csproj", "{531DCE9B-36E2-49B1-AA15-F728EE8247E0}"
EndProject
Project("{FAE04EC0-301F-11D3-BF4B-00C04F79EFBC}") = "Grid", "Grid\Grid.csproj", "{614784D3-BB80-4AD6-87C2-5B2567B1D71D}"
EndProject
Project("{FAE04EC0-301F-11D3-BF4B-00C04F79EFBC}") = "MenuBar", "MenuBar\MenuBar.csproj", "{5D325753-4BF0-4408-96B2-220CD5D341B2}"
EndProject
Project("{FAE04EC0-301F-11D3-BF4B-00C04F79EFBC}") = "CustomTextBoxControl", "CustomTextBoxControl\CustomTextBoxControl.csproj", "{2C06EF5B-C3E9-47DB-AB35-1FA51C00C639}"
EndProject
Project("{FAE04EC0-301F-11D3-BF4B-00C04F79EFBC}") = "Binding", "Binding\Binding.csproj", "{8BB6C013-3F4C-4D0F-90E5-D0C21BEDA6E1}"
EndProject
Project("{FAE04EC0-301F-11D3-BF4B-00C04F79EFBC}") = "Dialogs", "Dialogs\Dialogs.csproj", "{E6297900-4BC8-456D-94DD-9B07B0A2A940}"
EndProject
Project("{FAE04EC0-301F-11D3-BF4B-00C04F79EFBC}") = "IpAddress", "IpAddress\IpAddress.csproj", "{5713FCD6-1A76-48C5-B65C-6E65CE2A2EA1}"
EndProject
Project("{FAE04EC0-301F-11D3-BF4B-00C04F79EFBC}") = "ListBox", "ListBox\ListBox.csproj", "{58320365-57E2-42E8-BD8A-6275184D8650}"
EndProject
Project("{FAE04EC0-301F-11D3-BF4B-00C04F79EFBC}") = "Notepad", "Notepad\Notepad.csproj", "{AA7D1565-2EFB-47C3-9AA1-BE37250ABB48}"
EndProject
Global
	GlobalSection(SolutionConfigurationPlatforms) = preSolution
		Debug|Any CPU = Debug|Any CPU
		Release|Any CPU = Release|Any CPU
	EndGlobalSection
	GlobalSection(ProjectConfigurationPlatforms) = postSolution
		{531DCE9B-36E2-49B1-AA15-F728EE8247E0}.Debug|Any CPU.ActiveCfg = Debug|Any CPU
		{531DCE9B-36E2-49B1-AA15-F728EE8247E0}.Debug|Any CPU.Build.0 = Debug|Any CPU
		{531DCE9B-36E2-49B1-AA15-F728EE8247E0}.Release|Any CPU.ActiveCfg = Release|Any CPU
		{531DCE9B-36E2-49B1-AA15-F728EE8247E0}.Release|Any CPU.Build.0 = Release|Any CPU
		{614784D3-BB80-4AD6-87C2-5B2567B1D71D}.Debug|Any CPU.ActiveCfg = Debug|Any CPU
		{614784D3-BB80-4AD6-87C2-5B2567B1D71D}.Debug|Any CPU.Build.0 = Debug|Any CPU
		{614784D3-BB80-4AD6-87C2-5B2567B1D71D}.Release|Any CPU.ActiveCfg = Release|Any CPU
		{614784D3-BB80-4AD6-87C2-5B2567B1D71D}.Release|Any CPU.Build.0 = Release|Any CPU
		{5D325753-4BF0-4408-96B2-220CD5D341B2}.Debug|Any CPU.ActiveCfg = Debug|Any CPU
		{5D325753-4BF0-4408-96B2-220CD5D341B2}.Debug|Any CPU.Build.0 = Debug|Any CPU
		{5D325753-4BF0-4408-96B2-220CD5D341B2}.Release|Any CPU.ActiveCfg = Release|Any CPU
		{5D325753-4BF0-4408-96B2-220CD5D341B2}.Release|Any CPU.Build.0 = Release|Any CPU
		{2C06EF5B-C3E9-47DB-AB35-1FA51C00C639}.Debug|Any CPU.ActiveCfg = Debug|Any CPU
		{2C06EF5B-C3E9-47DB-AB35-1FA51C00C639}.Debug|Any CPU.Build.0 = Debug|Any CPU
		{2C06EF5B-C3E9-47DB-AB35-1FA51C00C639}.Release|Any CPU.ActiveCfg = Release|Any CPU
		{2C06EF5B-C3E9-47DB-AB35-1FA51C00C639}.Release|Any CPU.Build.0 = Release|Any CPU
		{8BB6C013-3F4C-4D0F-90E5-D0C21BEDA6E1}.Debug|Any CPU.ActiveCfg = Debug|Any CPU
		{8BB6C013-3F4C-4D0F-90E5-D0C21BEDA6E1}.Debug|Any CPU.Build.0 = Debug|Any CPU
		{8BB6C013-3F4C-4D0F-90E5-D0C21BEDA6E1}.Release|Any CPU.ActiveCfg = Release|Any CPU
		{8BB6C013-3F4C-4D0F-90E5-D0C21BEDA6E1}.Release|Any CPU.Build.0 = Release|Any CPU
		{E6297900-4BC8-456D-94DD-9B07B0A2A940}.Debug|Any CPU.ActiveCfg = Debug|Any CPU
		{E6297900-4BC8-456D-94DD-9B07B0A2A940}.Debug|Any CPU.Build.0 = Debug|Any CPU
		{E6297900-4BC8-456D-94DD-9B07B0A2A940}.Release|Any CPU.ActiveCfg = Release|Any CPU
		{E6297900-4BC8-456D-94DD-9B07B0A2A940}.Release|Any CPU.Build.0 = Release|Any CPU
		{5713FCD6-1A76-48C5-B65C-6E65CE2A2EA1}.Debug|Any CPU.ActiveCfg = Debug|Any CPU
		{5713FCD6-1A76-48C5-B65C-6E65CE2A2EA1}.Debug|Any CPU.Build.0 = Debug|Any CPU
		{5713FCD6-1A76-48C5-B65C-6E65CE2A2EA1}.Release|Any CPU.ActiveCfg = Release|Any CPU
		{5713FCD6-1A76-48C5-B65C-6E65CE2A2EA1}.Release|Any CPU.Build.0 = Release|Any CPU
		{58320365-57E2-42E8-BD8A-6275184D8650}.Debug|Any CPU.ActiveCfg = Debug|Any CPU
		{58320365-57E2-42E8-BD8A-6275184D8650}.Debug|Any CPU.Build.0 = Debug|Any CPU
		{58320365-57E2-42E8-BD8A-6275184D8650}.Release|Any CPU.ActiveCfg = Release|Any CPU
		{58320365-57E2-42E8-BD8A-6275184D8650}.Release|Any CPU.Build.0 = Release|Any CPU
		{AA7D1565-2EFB-47C3-9AA1-BE37250ABB48}.Debug|Any CPU.ActiveCfg = Debug|Any CPU
		{AA7D1565-2EFB-47C3-9AA1-BE37250ABB48}.Debug|Any CPU.Build.0 = Debug|Any CPU
		{AA7D1565-2EFB-47C3-9AA1-BE37250ABB48}.Release|Any CPU.ActiveCfg = Release|Any CPU
		{AA7D1565-2EFB-47C3-9AA1-BE37250ABB48}.Release|Any CPU.Build.0 = Release|Any CPU
	EndGlobalSection
	GlobalSection(SolutionProperties) = preSolution
		HideSolutionNode = FALSE
	EndGlobalSection
	GlobalSection(ExtensibilityGlobals) = postSolution
		SolutionGuid = {43239AA8-CACB-46B1-8AB0-5E05466820CC}
	EndGlobalSection
EndGlobal
